
Microsoft Visual Studio Solution File, Format Version 12.00
# Visual Studio Version 16
VisualStudioVersion = 16.0.30517.126
MinimumVisualStudioVersion = 10.0.40219.1
Project("{FAE04EC0-301F-11D3-BF4B-00C04F79EFBC}") = "HistogramaEscalaGrises", "HistogramaEscalaGrises.csproj", "{5573B218-CD48-4653-A4FC-0C5661F79EBC}"
EndProject
Global
	GlobalSection(SolutionConfigurationPlatforms) = preSolution
		Debug|Any CPU = Debug|Any CPU
		Release|Any CPU = Release|Any CPU
	EndGlobalSection
	GlobalSection(ProjectConfigurationPlatforms) = postSolution
		{5573B218-CD48-4653-A4FC-0C5661F79EBC}.Debug|Any CPU.ActiveCfg = Debug|Any CPU
		{5573B218-CD48-4653-A4FC-0C5661F79EBC}.Debug|Any CPU.Build.0 = Debug|Any CPU
		{5573B218-CD48-4653-A4FC-0C5661F79EBC}.Release|Any CPU.ActiveCfg = Release|Any CPU
		{5573B218-CD48-4653-A4FC-0C5661F79EBC}.Release|Any CPU.Build.0 = Release|Any CPU
	EndGlobalSection
	GlobalSection(SolutionProperties) = preSolution
		HideSolutionNode = FALSE
	EndGlobalSection
	GlobalSection(ExtensibilityGlobals) = postSolution
		SolutionGuid = {8FF11FD8-D1F7-4F6A-9ADC-6901863DCF7E}
	EndGlobalSection
EndGlobal
